
Microsoft Visual Studio Solution File, Format Version 12.00
# Visual Studio Version 17
VisualStudioVersion = 17.2.32526.322
MinimumVisualStudioVersion = 10.0.40219.1
Project("{9A19103F-16F7-4668-BE54-9A1E7A4F7556}") = "Cab Invoice Generator", "Cab Invoice Generator.csproj", "{24BA7200-6EB2-4291-81FA-02A235FA8B3E}"
EndProject
Project("{FAE04EC0-301F-11D3-BF4B-00C04F79EFBC}") = "Cab_Invoice_Generator.test", "..\Cab_Invoice_Generator.test\Cab_Invoice_Generator.test.csproj", "{53FC9B11-7100-4448-A990-CE0289075396}"
EndProject
Global
	GlobalSection(SolutionConfigurationPlatforms) = preSolution
		Debug|Any CPU = Debug|Any CPU
		Release|Any CPU = Release|Any CPU
	EndGlobalSection
	GlobalSection(ProjectConfigurationPlatforms) = postSolution
		{24BA7200-6EB2-4291-81FA-02A235FA8B3E}.Debug|Any CPU.ActiveCfg = Debug|Any CPU
		{24BA7200-6EB2-4291-81FA-02A235FA8B3E}.Debug|Any CPU.Build.0 = Debug|Any CPU
		{24BA7200-6EB2-4291-81FA-02A235FA8B3E}.Release|Any CPU.ActiveCfg = Release|Any CPU
		{24BA7200-6EB2-4291-81FA-02A235FA8B3E}.Release|Any CPU.Build.0 = Release|Any CPU
		{53FC9B11-7100-4448-A990-CE0289075396}.Debug|Any CPU.ActiveCfg = Debug|Any CPU
		{53FC9B11-7100-4448-A990-CE0289075396}.Debug|Any CPU.Build.0 = Debug|Any CPU
		{53FC9B11-7100-4448-A990-CE0289075396}.Release|Any CPU.ActiveCfg = Release|Any CPU
		{53FC9B11-7100-4448-A990-CE0289075396}.Release|Any CPU.Build.0 = Release|Any CPU
	EndGlobalSection
	GlobalSection(SolutionProperties) = preSolution
		HideSolutionNode = FALSE
	EndGlobalSection
	GlobalSection(ExtensibilityGlobals) = postSolution
		SolutionGuid = {92259D2B-AFB4-4D4F-8695-301619B055C7}
	EndGlobalSection
EndGlobal
